{
    "_meta": {
        "hash": {
            "sha256": "2260af4f47ba8e1a3b1dc28eff8874d56d94db10405b23ca1f34caf6ec326fbb"
        },
        "pipfile-spec": 6,
        "requires": {
            "python_version": "3.5"
        },
        "sources": [
            {
                "name": "pypi",
                "url": "https://pypi.org/simple",
                "verify_ssl": true
            }
        ]
    },
    "default": {
        "pyfirmata": {
            "hashes": [
                "sha256:3e0ef63277b357c79fdbf8b4ba227fc83abaf981a363cf077276cfa61a136c75",
                "sha256:b54d49d66a9d93c1ef9c72ca01264414cb2de177baac116c12d5cce0c380160c"
            ],
            "index": "pypi",
            "version": "==1.0.3"
        },
        "pyserial": {
            "hashes": [
                "sha256:6e2d401fdee0eab996cf734e67773a0143b932772ca8b42451440cfed942c627",
                "sha256:e0770fadba80c31013896c7e6ef703f72e7834965954a78e71a3049488d4d7d8"
            ],
            "version": "==3.4"
        }
    },
    "develop": {}
}
